
Microsoft Visual Studio Solution File, Format Version 12.00
# Visual Studio Version 16
VisualStudioVersion = 16.0.30711.63
MinimumVisualStudioVersion = 10.0.40219.1
Project("{FAE04EC0-301F-11D3-BF4B-00C04F79EFBC}") = "Chapter 2 Program 2 (Loops)", "Chapter 2 Program 2 (Loops)\Chapter 2 Program 2 (Loops).csproj", "{0DDA0792-8A46-4E36-8105-1A27CDE069C7}"
EndProject
Global
	GlobalSection(SolutionConfigurationPlatforms) = preSolution
		Debug|Any CPU = Debug|Any CPU
		Release|Any CPU = Release|Any CPU
	EndGlobalSection
	GlobalSection(ProjectConfigurationPlatforms) = postSolution
		{0DDA0792-8A46-4E36-8105-1A27CDE069C7}.Debug|Any CPU.ActiveCfg = Debug|Any CPU
		{0DDA0792-8A46-4E36-8105-1A27CDE069C7}.Debug|Any CPU.Build.0 = Debug|Any CPU
		{0DDA0792-8A46-4E36-8105-1A27CDE069C7}.Release|Any CPU.ActiveCfg = Release|Any CPU
		{0DDA0792-8A46-4E36-8105-1A27CDE069C7}.Release|Any CPU.Build.0 = Release|Any CPU
	EndGlobalSection
	GlobalSection(SolutionProperties) = preSolution
		HideSolutionNode = FALSE
	EndGlobalSection
	GlobalSection(ExtensibilityGlobals) = postSolution
		SolutionGuid = {B3087A3F-B247-42F3-BA74-D35609B584BC}
	EndGlobalSection
EndGlobal
