
Microsoft Visual Studio Solution File, Format Version 12.00
# Visual Studio Version 16
VisualStudioVersion = 16.0.30711.63
MinimumVisualStudioVersion = 10.0.40219.1
Project("{FAE04EC0-301F-11D3-BF4B-00C04F79EFBC}") = "Flashy Thing", "Flashy Thing\Flashy Thing.csproj", "{C2DB4134-D51D-4A44-BE69-C4485EB86942}"
EndProject
Global
	GlobalSection(SolutionConfigurationPlatforms) = preSolution
		Debug|Any CPU = Debug|Any CPU
		Release|Any CPU = Release|Any CPU
	EndGlobalSection
	GlobalSection(ProjectConfigurationPlatforms) = postSolution
		{C2DB4134-D51D-4A44-BE69-C4485EB86942}.Debug|Any CPU.ActiveCfg = Debug|Any CPU
		{C2DB4134-D51D-4A44-BE69-C4485EB86942}.Debug|Any CPU.Build.0 = Debug|Any CPU
		{C2DB4134-D51D-4A44-BE69-C4485EB86942}.Release|Any CPU.ActiveCfg = Release|Any CPU
		{C2DB4134-D51D-4A44-BE69-C4485EB86942}.Release|Any CPU.Build.0 = Release|Any CPU
	EndGlobalSection
	GlobalSection(SolutionProperties) = preSolution
		HideSolutionNode = FALSE
	EndGlobalSection
	GlobalSection(ExtensibilityGlobals) = postSolution
		SolutionGuid = {30DF925B-517E-48A1-9A3A-58C45C00A41D}
	EndGlobalSection
EndGlobal
